
Microsoft Visual Studio Solution File, Format Version 12.00
# Visual Studio 15
VisualStudioVersion = 15.0.28307.645
MinimumVisualStudioVersion = 10.0.40219.1
Project("{FAE04EC0-301F-11D3-BF4B-00C04F79EFBC}") = "AWear_API", "AWear_API\AWear_API.csproj", "{66A3C9A7-B1D2-42BE-A0C6-F4B56EA545B9}"
EndProject
Global
	GlobalSection(SolutionConfigurationPlatforms) = preSolution
		Debug|Any CPU = Debug|Any CPU
		Release|Any CPU = Release|Any CPU
	EndGlobalSection
	GlobalSection(ProjectConfigurationPlatforms) = postSolution
		{66A3C9A7-B1D2-42BE-A0C6-F4B56EA545B9}.Debug|Any CPU.ActiveCfg = Debug|Any CPU
		{66A3C9A7-B1D2-42BE-A0C6-F4B56EA545B9}.Debug|Any CPU.Build.0 = Debug|Any CPU
		{66A3C9A7-B1D2-42BE-A0C6-F4B56EA545B9}.Release|Any CPU.ActiveCfg = Release|Any CPU
		{66A3C9A7-B1D2-42BE-A0C6-F4B56EA545B9}.Release|Any CPU.Build.0 = Release|Any CPU
	EndGlobalSection
	GlobalSection(SolutionProperties) = preSolution
		HideSolutionNode = FALSE
	EndGlobalSection
	GlobalSection(ExtensibilityGlobals) = postSolution
		SolutionGuid = {B204E9E0-5A41-420B-BA50-C299779FA74A}
	EndGlobalSection
EndGlobal
